// !$*UTF8*$!
{
	archiveVersion = 1;
	classes = {
	};
	objectVersion = 77;
	objects = {

/* Begin PBXBuildFile section */
		1750FAA32E474DB000D310C9 /* LICENSE in Resources */ = {isa = PBXBuildFile; fileRef = 1750FAA22E474DB000D310C9 /* LICENSE */; };
		1750FAA52E474DC100D310C9 /* README.md in Resources */ = {isa = PBXBuildFile; fileRef = 1750FAA42E474DC100D310C9 /* README.md */; };
		17B20C632E4751FC00CFE52A /* HTKit in Frameworks */ = {isa = PBXBuildFile; productRef = 17B20C622E4751FC00CFE52A /* HTKit */; };
/* End PBXBuildFile section */

/* Begin PBXContainerItemProxy section */
		1700E50A2DE4F443006947DD /* PBXContainerItemProxy */ = {
			isa = PBXContainerItemProxy;
			containerPortal = 1700E4F32DE4F442006947DD /* Project object */;
			proxyType = 1;
			remoteGlobalIDString = 1700E4FA2DE4F442006947DD;
			remoteInfo = SwishDemo;
		};
		1700E5142DE4F443006947DD /* PBXContainerItemProxy */ = {
			isa = PBXContainerItemProxy;
			containerPortal = 1700E4F32DE4F442006947DD /* Project object */;
			proxyType = 1;
			remoteGlobalIDString = 1700E4FA2DE4F442006947DD;
			remoteInfo = SwishDemo;
		};
/* End PBXContainerItemProxy section */

/* Begin PBXFileReference section */
		1700E4FB2DE4F442006947DD /* HTKitDemo.app */ = {isa = PBXFileReference; explicitFileType = wrapper.application; includeInIndex = 0; path = HTKitDemo.app; sourceTree = BUILT_PRODUCTS_DIR; };
		1700E5092DE4F443006947DD /* HTKitDemoTests.xctest */ = {isa = PBXFileReference; explicitFileType = wrapper.cfbundle; includeInIndex = 0; path = HTKitDemoTests.xctest; sourceTree = BUILT_PRODUCTS_DIR; };
		1700E5132DE4F443006947DD /* HTKitDemoUITests.xctest */ = {isa = PBXFileReference; explicitFileType = wrapper.cfbundle; includeInIndex = 0; path = HTKitDemoUITests.xctest; sourceTree = BUILT_PRODUCTS_DIR; };
		1750FAA22E474DB000D310C9 /* LICENSE */ = {isa = PBXFileReference; lastKnownFileType = text; path = LICENSE; sourceTree = "<group>"; };
		1750FAA42E474DC100D310C9 /* README.md */ = {isa = PBXFileReference; lastKnownFileType = net.daringfireball.markdown; path = README.md; sourceTree = "<group>"; };
/* End PBXFileReference section */

/* Begin PBXFileSystemSynchronizedBuildFileExceptionSet section */
		1700E5A02DE58C6D006947DD /* Exceptions for "HTKitDemo" folder in "HTKitDemo" target */ = {
			isa = PBXFileSystemSynchronizedBuildFileExceptionSet;
			membershipExceptions = (
				Info.plist,
			);
			target = 1700E4FA2DE4F442006947DD /* HTKitDemo */;
		};
/* End PBXFileSystemSynchronizedBuildFileExceptionSet section */

/* Begin PBXFileSystemSynchronizedRootGroup section */
		1700E4FD2DE4F442006947DD /* HTKitDemo */ = {
			isa = PBXFileSystemSynchronizedRootGroup;
			exceptions = (
				1700E5A02DE58C6D006947DD /* Exceptions for "HTKitDemo" folder in "HTKitDemo" target */,
			);
			path = HTKitDemo;
			sourceTree = "<group>";
		};
		1700E50C2DE4F443006947DD /* HTKitDemoTests */ = {
			isa = PBXFileSystemSynchronizedRootGroup;
			path = HTKitDemoTests;
			sourceTree = "<group>";
		};
		1700E5162DE4F443006947DD /* HTKitDemoUITests */ = {
			isa = PBXFileSystemSynchronizedRootGroup;
			path = HTKitDemoUITests;
			sourceTree = "<group>";
		};
/* End PBXFileSystemSynchronizedRootGroup section */

/* Begin PBXFrameworksBuildPhase section */
		1700E4F82DE4F442006947DD /* Frameworks */ = {
			isa = PBXFrameworksBuildPhase;
			buildActionMask = 2147483647;
			files = (
				17B20C632E4751FC00CFE52A /* HTKit in Frameworks */,
			);
			runOnlyForDeploymentPostprocessing = 0;
		};
		1700E5062DE4F443006947DD /* Frameworks */ = {
			isa = PBXFrameworksBuildPhase;
			buildActionMask = 2147483647;
			files = (
			);
			runOnlyForDeploymentPostprocessing = 0;
		};
		1700E5102DE4F443006947DD /* Frameworks */ = {
			isa = PBXFrameworksBuildPhase;
			buildActionMask = 2147483647;
			files = (
			);
			runOnlyForDeploymentPostprocessing = 0;
		};
/* End PBXFrameworksBuildPhase section */

/* Begin PBXGroup section */
		1700E4F22DE4F442006947DD = {
			isa = PBXGroup;
			children = (
				1750FAA42E474DC100D310C9 /* README.md */,
				1700E4FD2DE4F442006947DD /* HTKitDemo */,
				1700E50C2DE4F443006947DD /* HTKitDemoTests */,
				1700E5162DE4F443006947DD /* HTKitDemoUITests */,
				1700E5912DE4F8E9006947DD /* Frameworks */,
				1700E4FC2DE4F442006947DD /* Products */,
				1750FAA22E474DB000D310C9 /* LICENSE */,
			);
			sourceTree = "<group>";
		};
		1700E4FC2DE4F442006947DD /* Products */ = {
			isa = PBXGroup;
			children = (
				1700E4FB2DE4F442006947DD /* HTKitDemo.app */,
				1700E5092DE4F443006947DD /* HTKitDemoTests.xctest */,
				1700E5132DE4F443006947DD /* HTKitDemoUITests.xctest */,
			);
			name = Products;
			sourceTree = "<group>";
		};
		1700E5912DE4F8E9006947DD /* Frameworks */ = {
			isa = PBXGroup;
			children = (
			);
			name = Frameworks;
			sourceTree = "<group>";
		};
/* End PBXGroup section */

/* Begin PBXNativeTarget section */
		1700E4FA2DE4F442006947DD /* HTKitDemo */ = {
			isa = PBXNativeTarget;
			buildConfigurationList = 1700E51D2DE4F443006947DD /* Build configuration list for PBXNativeTarget "HTKitDemo" */;
			buildPhases = (
				1700E4F72DE4F442006947DD /* Sources */,
				1700E4F82DE4F442006947DD /* Frameworks */,
				1700E4F92DE4F442006947DD /* Resources */,
			);
			buildRules = (
			);
			dependencies = (
			);
			fileSystemSynchronizedGroups = (
				1700E4FD2DE4F442006947DD /* HTKitDemo */,
			);
			name = HTKitDemo;
			packageProductDependencies = (
				17B20C622E4751FC00CFE52A /* HTKit */,
			);
			productName = SwishDemo;
			productReference = 1700E4FB2DE4F442006947DD /* HTKitDemo.app */;
			productType = "com.apple.product-type.application";
		};
		1700E5082DE4F443006947DD /* HTKitDemoTests */ = {
			isa = PBXNativeTarget;
			buildConfigurationList = 1700E5202DE4F443006947DD /* Build configuration list for PBXNativeTarget "HTKitDemoTests" */;
			buildPhases = (
				1700E5052DE4F443006947DD /* Sources */,
				1700E5062DE4F443006947DD /* Frameworks */,
				1700E5072DE4F443006947DD /* Resources */,
			);
			buildRules = (
			);
			dependencies = (
				1700E50B2DE4F443006947DD /* PBXTargetDependency */,
			);
			fileSystemSynchronizedGroups = (
				1700E50C2DE4F443006947DD /* HTKitDemoTests */,
			);
			name = HTKitDemoTests;
			packageProductDependencies = (
			);
			productName = SwishDemoTests;
			productReference = 1700E5092DE4F443006947DD /* HTKitDemoTests.xctest */;
			productType = "com.apple.product-type.bundle.unit-test";
		};
		1700E5122DE4F443006947DD /* HTKitDemoUITests */ = {
			isa = PBXNativeTarget;
			buildConfigurationList = 1700E5232DE4F443006947DD /* Build configuration list for PBXNativeTarget "HTKitDemoUITests" */;
			buildPhases = (
				1700E50F2DE4F443006947DD /* Sources */,
				1700E5102DE4F443006947DD /* Frameworks */,
				1700E5112DE4F443006947DD /* Resources */,
			);
			buildRules = (
			);
			dependencies = (
				1700E5152DE4F443006947DD /* PBXTargetDependency */,
			);
			fileSystemSynchronizedGroups = (
				1700E5162DE4F443006947DD /* HTKitDemoUITests */,
			);
			name = HTKitDemoUITests;
			packageProductDependencies = (
			);
			productName = SwishDemoUITests;
			productReference = 1700E5132DE4F443006947DD /* HTKitDemoUITests.xctest */;
			productType = "com.apple.product-type.bundle.ui-testing";
		};
/* End PBXNativeTarget section */

/* Begin PBXProject section */
		1700E4F32DE4F442006947DD /* Project object */ = {
			isa = PBXProject;
			attributes = {
				BuildIndependentTargetsInParallel = 1;
				LastSwiftUpdateCheck = 1630;
				LastUpgradeCheck = 1640;
				TargetAttributes = {
					1700E4FA2DE4F442006947DD = {
						CreatedOnToolsVersion = 16.3;
					};
					1700E5082DE4F443006947DD = {
						CreatedOnToolsVersion = 16.3;
						TestTargetID = 1700E4FA2DE4F442006947DD;
					};
					1700E5122DE4F443006947DD = {
						CreatedOnToolsVersion = 16.3;
						TestTargetID = 1700E4FA2DE4F442006947DD;
					};
				};
			};
			buildConfigurationList = 1700E4F62DE4F442006947DD /* Build configuration list for PBXProject "HTKitDemo" */;
			developmentRegion = en;
			hasScannedForEncodings = 0;
			knownRegions = (
				en,
				Base,
			);
			mainGroup = 1700E4F22DE4F442006947DD;
			minimizedProjectReferenceProxies = 1;
			packageReferences = (
				17B20C612E4751F100CFE52A /* XCRemoteSwiftPackageReference "HTKit" */,
			);
			preferredProjectObjectVersion = 77;
			productRefGroup = 1700E4FC2DE4F442006947DD /* Products */;
			projectDirPath = "";
			projectRoot = "";
			targets = (
				1700E4FA2DE4F442006947DD /* HTKitDemo */,
				1700E5082DE4F443006947DD /* HTKitDemoTests */,
				1700E5122DE4F443006947DD /* HTKitDemoUITests */,
			);
		};
/* End PBXProject section */

/* Begin PBXResourcesBuildPhase section */
		1700E4F92DE4F442006947DD /* Resources */ = {
			isa = PBXResourcesBuildPhase;
			buildActionMask = 2147483647;
			files = (
				1750FAA52E474DC100D310C9 /* README.md in Resources */,
				1750FAA32E474DB000D310C9 /* LICENSE in Resources */,
			);
			runOnlyForDeploymentPostprocessing = 0;
		};
		1700E5072DE4F443006947DD /* Resources */ = {
			isa = PBXResourcesBuildPhase;
			buildActionMask = 2147483647;
			files = (
			);
			runOnlyForDeploymentPostprocessing = 0;
		};
		1700E5112DE4F443006947DD /* Resources */ = {
			isa = PBXResourcesBuildPhase;
			buildActionMask = 2147483647;
			files = (
			);
			runOnlyForDeploymentPostprocessing = 0;
		};
/* End PBXResourcesBuildPhase section */

/* Begin PBXSourcesBuildPhase section */
		1700E4F72DE4F442006947DD /* Sources */ = {
			isa = PBXSourcesBuildPhase;
			buildActionMask = 2147483647;
			files = (
			);
			runOnlyForDeploymentPostprocessing = 0;
		};
		1700E5052DE4F443006947DD /* Sources */ = {
			isa = PBXSourcesBuildPhase;
			buildActionMask = 2147483647;
			files = (
			);
			runOnlyForDeploymentPostprocessing = 0;
		};
		1700E50F2DE4F443006947DD /* Sources */ = {
			isa = PBXSourcesBuildPhase;
			buildActionMask = 2147483647;
			files = (
			);
			runOnlyForDeploymentPostprocessing = 0;
		};
/* End PBXSourcesBuildPhase section */

/* Begin PBXTargetDependency section */
		1700E50B2DE4F443006947DD /* PBXTargetDependency */ = {
			isa = PBXTargetDependency;
			target = 1700E4FA2DE4F442006947DD /* HTKitDemo */;
			targetProxy = 1700E50A2DE4F443006947DD /* PBXContainerItemProxy */;
		};
		1700E5152DE4F443006947DD /* PBXTargetDependency */ = {
			isa = PBXTargetDependency;
			target = 1700E4FA2DE4F442006947DD /* HTKitDemo */;
			targetProxy = 1700E5142DE4F443006947DD /* PBXContainerItemProxy */;
		};
/* End PBXTargetDependency section */

/* Begin XCBuildConfiguration section */
		1700E51B2DE4F443006947DD /* Debug */ = {
			isa = XCBuildConfiguration;
			buildSettings = {
				ALWAYS_SEARCH_USER_PATHS = NO;
				ASSETCATALOG_COMPILER_GENERATE_SWIFT_ASSET_SYMBOL_EXTENSIONS = YES;
				CLANG_ANALYZER_NONNULL = YES;
				CLANG_ANALYZER_NUMBER_OBJECT_CONVERSION = YES_AGGRESSIVE;
				CLANG_CXX_LANGUAGE_STANDARD = "gnu++20";
				CLANG_ENABLE_MODULES = YES;
				CLANG_ENABLE_OBJC_ARC = YES;
				CLANG_ENABLE_OBJC_WEAK = YES;
				CLANG_WARN_BLOCK_CAPTURE_AUTORELEASING = YES;
				CLANG_WARN_BOOL_CONVERSION = YES;
				CLANG_WARN_COMMA = YES;
				CLANG_WARN_CONSTANT_CONVERSION = YES;
				CLANG_WARN_DEPRECATED_OBJC_IMPLEMENTATIONS = YES;
				CLANG_WARN_DIRECT_OBJC_ISA_USAGE = YES_ERROR;
				CLANG_WARN_DOCUMENTATION_COMMENTS = YES;
				CLANG_WARN_EMPTY_BODY = YES;
				CLANG_WARN_ENUM_CONVERSION = YES;
				CLANG_WARN_INFINITE_RECURSION = YES;
				CLANG_WARN_INT_CONVERSION = YES;
				CLANG_WARN_NON_LITERAL_NULL_CONVERSION = YES;
				CLANG_WARN_OBJC_IMPLICIT_RETAIN_SELF = YES;
				CLANG_WARN_OBJC_LITERAL_CONVERSION = YES;
				CLANG_WARN_OBJC_ROOT_CLASS = YES_ERROR;
				CLANG_WARN_QUOTED_INCLUDE_IN_FRAMEWORK_HEADER = YES;
				CLANG_WARN_RANGE_LOOP_ANALYSIS = YES;
				CLANG_WARN_STRICT_PROTOTYPES = YES;
				CLANG_WARN_SUSPICIOUS_MOVE = YES;
				CLANG_WARN_UNGUARDED_AVAILABILITY = YES_AGGRESSIVE;
				CLANG_WARN_UNREACHABLE_CODE = YES;
				CLANG_WARN__DUPLICATE_METHOD_MATCH = YES;
				COPY_PHASE_STRIP = NO;
				DEAD_CODE_STRIPPING = YES;
				DEBUG_INFORMATION_FORMAT = dwarf;
				DEVELOPMENT_TEAM = XWTF879W9X;
				ENABLE_STRICT_OBJC_MSGSEND = YES;
				ENABLE_TESTABILITY = YES;
				ENABLE_USER_SCRIPT_SANDBOXING = YES;
				GCC_C_LANGUAGE_STANDARD = gnu17;
				GCC_DYNAMIC_NO_PIC = NO;
				GCC_NO_COMMON_BLOCKS = YES;
				GCC_OPTIMIZATION_LEVEL = 0;
				GCC_PREPROCESSOR_DEFINITIONS = (
					"DEBUG=1",
					"$(inherited)",
				);
				GCC_WARN_64_TO_32_BIT_CONVERSION = YES;
				GCC_WARN_ABOUT_RETURN_TYPE = YES_ERROR;
				GCC_WARN_UNDECLARED_SELECTOR = YES;
				GCC_WARN_UNINITIALIZED_AUTOS = YES_AGGRESSIVE;
				GCC_WARN_UNUSED_FUNCTION = YES;
				GCC_WARN_UNUSED_VARIABLE = YES;
				LOCALIZATION_PREFERS_STRING_CATALOGS = YES;
				MTL_ENABLE_DEBUG_INFO = INCLUDE_SOURCE;
				MTL_FAST_MATH = YES;
				ONLY_ACTIVE_ARCH = YES;
				SWIFT_ACTIVE_COMPILATION_CONDITIONS = "DEBUG $(inherited)";
				SWIFT_OPTIMIZATION_LEVEL = "-Onone";
			};
			name = Debug;
		};
		1700E51C2DE4F443006947DD /* Release */ = {
			isa = XCBuildConfiguration;
			buildSettings = {
				ALWAYS_SEARCH_USER_PATHS = NO;
				ASSETCATALOG_COMPILER_GENERATE_SWIFT_ASSET_SYMBOL_EXTENSIONS = YES;
				CLANG_ANALYZER_NONNULL = YES;
				CLANG_ANALYZER_NUMBER_OBJECT_CONVERSION = YES_AGGRESSIVE;
				CLANG_CXX_LANGUAGE_STANDARD = "gnu++20";
				CLANG_ENABLE_MODULES = YES;
				CLANG_ENABLE_OBJC_ARC = YES;
				CLANG_ENABLE_OBJC_WEAK = YES;
				CLANG_WARN_BLOCK_CAPTURE_AUTORELEASING = YES;
				CLANG_WARN_BOOL_CONVERSION = YES;
				CLANG_WARN_COMMA = YES;
				CLANG_WARN_CONSTANT_CONVERSION = YES;
				CLANG_WARN_DEPRECATED_OBJC_IMPLEMENTATIONS = YES;
				CLANG_WARN_DIRECT_OBJC_ISA_USAGE = YES_ERROR;
				CLANG_WARN_DOCUMENTATION_COMMENTS = YES;
				CLANG_WARN_EMPTY_BODY = YES;
				CLANG_WARN_ENUM_CONVERSION = YES;
				CLANG_WARN_INFINITE_RECURSION = YES;
				CLANG_WARN_INT_CONVERSION = YES;
				CLANG_WARN_NON_LITERAL_NULL_CONVERSION = YES;
				CLANG_WARN_OBJC_IMPLICIT_RETAIN_SELF = YES;
				CLANG_WARN_OBJC_LITERAL_CONVERSION = YES;
				CLANG_WARN_OBJC_ROOT_CLASS = YES_ERROR;
				CLANG_WARN_QUOTED_INCLUDE_IN_FRAMEWORK_HEADER = YES;
				CLANG_WARN_RANGE_LOOP_ANALYSIS = YES;
				CLANG_WARN_STRICT_PROTOTYPES = YES;
				CLANG_WARN_SUSPICIOUS_MOVE = YES;
				CLANG_WARN_UNGUARDED_AVAILABILITY = YES_AGGRESSIVE;
				CLANG_WARN_UNREACHABLE_CODE = YES;
				CLANG_WARN__DUPLICATE_METHOD_MATCH = YES;
				COPY_PHASE_STRIP = NO;
				DEAD_CODE_STRIPPING = YES;
				DEBUG_INFORMATION_FORMAT = "dwarf-with-dsym";
				DEVELOPMENT_TEAM = XWTF879W9X;
				ENABLE_NS_ASSERTIONS = NO;
				ENABLE_STRICT_OBJC_MSGSEND = YES;
				ENABLE_USER_SCRIPT_SANDBOXING = YES;
				GCC_C_LANGUAGE_STANDARD = gnu17;
				GCC_NO_COMMON_BLOCKS = YES;
				GCC_WARN_64_TO_32_BIT_CONVERSION = YES;
				GCC_WARN_ABOUT_RETURN_TYPE = YES_ERROR;
				GCC_WARN_UNDECLARED_SELECTOR = YES;
				GCC_WARN_UNINITIALIZED_AUTOS = YES_AGGRESSIVE;
				GCC_WARN_UNUSED_FUNCTION = YES;
				GCC_WARN_UNUSED_VARIABLE = YES;
				LOCALIZATION_PREFERS_STRING_CATALOGS = YES;
				MTL_ENABLE_DEBUG_INFO = NO;
				MTL_FAST_MATH = YES;
				SWIFT_COMPILATION_MODE = wholemodule;
			};
			name = Release;
		};
		1700E51E2DE4F443006947DD /* Debug */ = {
			isa = XCBuildConfiguration;
			buildSettings = {
				ASSETCATALOG_COMPILER_APPICON_NAME = AppIcon;
				ASSETCATALOG_COMPILER_GLOBAL_ACCENT_COLOR_NAME = AccentColor;
				CODE_SIGN_ENTITLEMENTS = HTKitDemo/HTKitDemo.entitlements;
				"CODE_SIGN_IDENTITY[sdk=macosx*]" = "Apple Development";
				CODE_SIGN_STYLE = Automatic;
				CURRENT_PROJECT_VERSION = 1;
				DEAD_CODE_STRIPPING = YES;
				DEVELOPMENT_TEAM = XWTF879W9X;
				ENABLE_HARDENED_RUNTIME = YES;
				ENABLE_PREVIEWS = YES;
				GENERATE_INFOPLIST_FILE = YES;
				INFOPLIST_FILE = HTKitDemo/Info.plist;
				INFOPLIST_KEY_LSApplicationCategoryType = "public.app-category.utilities";
				"INFOPLIST_KEY_UIApplicationSceneManifest_Generation[sdk=iphoneos*]" = YES;
				"INFOPLIST_KEY_UIApplicationSceneManifest_Generation[sdk=iphonesimulator*]" = YES;
				"INFOPLIST_KEY_UIApplicationSupportsIndirectInputEvents[sdk=iphoneos*]" = YES;
				"INFOPLIST_KEY_UIApplicationSupportsIndirectInputEvents[sdk=iphonesimulator*]" = YES;
				"INFOPLIST_KEY_UILaunchScreen_Generation[sdk=iphoneos*]" = YES;
				"INFOPLIST_KEY_UILaunchScreen_Generation[sdk=iphonesimulator*]" = YES;
				"INFOPLIST_KEY_UIStatusBarStyle[sdk=iphoneos*]" = UIStatusBarStyleDefault;
				"INFOPLIST_KEY_UIStatusBarStyle[sdk=iphonesimulator*]" = UIStatusBarStyleDefault;
				INFOPLIST_KEY_UISupportedInterfaceOrientations_iPad = "UIInterfaceOrientationPortrait UIInterfaceOrientationPortraitUpsideDown UIInterfaceOrientationLandscapeLeft UIInterfaceOrientationLandscapeRight";
				INFOPLIST_KEY_UISupportedInterfaceOrientations_iPhone = "UIInterfaceOrientationPortrait UIInterfaceOrientationLandscapeLeft UIInterfaceOrientationLandscapeRight";
				IPHONEOS_DEPLOYMENT_TARGET = 17.6;
				LD_RUNPATH_SEARCH_PATHS = "@executable_path/Frameworks";
				"LD_RUNPATH_SEARCH_PATHS[sdk=macosx*]" = "@executable_path/../Frameworks";
				MACOSX_DEPLOYMENT_TARGET = 14.6;
				MARKETING_VERSION = 0.1.0;
				PRODUCT_BUNDLE_IDENTIFIER = com.bjnortier.SwishDemo;
				PRODUCT_NAME = "$(TARGET_NAME)";
				REGISTER_APP_GROUPS = YES;
				SDKROOT = auto;
				SUPPORTED_PLATFORMS = "iphoneos iphonesimulator macosx xros xrsimulator";
				SWIFT_EMIT_LOC_STRINGS = YES;
				SWIFT_VERSION = 6.0;
				TARGETED_DEVICE_FAMILY = "1,2,7";
				XROS_DEPLOYMENT_TARGET = 2.0;
			};
			name = Debug;
		};
		1700E51F2DE4F443006947DD /* Release */ = {
			isa = XCBuildConfiguration;
			buildSettings = {
				ASSETCATALOG_COMPILER_APPICON_NAME = AppIcon;
				ASSETCATALOG_COMPILER_GLOBAL_ACCENT_COLOR_NAME = AccentColor;
				CODE_SIGN_ENTITLEMENTS = HTKitDemo/HTKitDemo.entitlements;
				"CODE_SIGN_IDENTITY[sdk=macosx*]" = "Apple Development";
				CODE_SIGN_STYLE = Automatic;
				CURRENT_PROJECT_VERSION = 1;
				DEAD_CODE_STRIPPING = YES;
				DEVELOPMENT_TEAM = XWTF879W9X;
				ENABLE_HARDENED_RUNTIME = YES;
				ENABLE_PREVIEWS = YES;
				GENERATE_INFOPLIST_FILE = YES;
				INFOPLIST_FILE = HTKitDemo/Info.plist;
				INFOPLIST_KEY_LSApplicationCategoryType = "public.app-category.utilities";
				"INFOPLIST_KEY_UIApplicationSceneManifest_Generation[sdk=iphoneos*]" = YES;
				"INFOPLIST_KEY_UIApplicationSceneManifest_Generation[sdk=iphonesimulator*]" = YES;
				"INFOPLIST_KEY_UIApplicationSupportsIndirectInputEvents[sdk=iphoneos*]" = YES;
				"INFOPLIST_KEY_UIApplicationSupportsIndirectInputEvents[sdk=iphonesimulator*]" = YES;
				"INFOPLIST_KEY_UILaunchScreen_Generation[sdk=iphoneos*]" = YES;
				"INFOPLIST_KEY_UILaunchScreen_Generation[sdk=iphonesimulator*]" = YES;
				"INFOPLIST_KEY_UIStatusBarStyle[sdk=iphoneos*]" = UIStatusBarStyleDefault;
				"INFOPLIST_KEY_UIStatusBarStyle[sdk=iphonesimulator*]" = UIStatusBarStyleDefault;
				INFOPLIST_KEY_UISupportedInterfaceOrientations_iPad = "UIInterfaceOrientationPortrait UIInterfaceOrientationPortraitUpsideDown UIInterfaceOrientationLandscapeLeft UIInterfaceOrientationLandscapeRight";
				INFOPLIST_KEY_UISupportedInterfaceOrientations_iPhone = "UIInterfaceOrientationPortrait UIInterfaceOrientationLandscapeLeft UIInterfaceOrientationLandscapeRight";
				IPHONEOS_DEPLOYMENT_TARGET = 17.6;
				LD_RUNPATH_SEARCH_PATHS = "@executable_path/Frameworks";
				"LD_RUNPATH_SEARCH_PATHS[sdk=macosx*]" = "@executable_path/../Frameworks";
				MACOSX_DEPLOYMENT_TARGET = 14.6;
				MARKETING_VERSION = 0.1.0;
				PRODUCT_BUNDLE_IDENTIFIER = com.bjnortier.SwishDemo;
				PRODUCT_NAME = "$(TARGET_NAME)";
				REGISTER_APP_GROUPS = YES;
				SDKROOT = auto;
				SUPPORTED_PLATFORMS = "iphoneos iphonesimulator macosx xros xrsimulator";
				SWIFT_EMIT_LOC_STRINGS = YES;
				SWIFT_VERSION = 6.0;
				TARGETED_DEVICE_FAMILY = "1,2,7";
				XROS_DEPLOYMENT_TARGET = 2.0;
			};
			name = Release;
		};
		1700E5212DE4F443006947DD /* Debug */ = {
			isa = XCBuildConfiguration;
			buildSettings = {
				BUNDLE_LOADER = "$(TEST_HOST)";
				CODE_SIGN_STYLE = Automatic;
				CURRENT_PROJECT_VERSION = 1;
				DEAD_CODE_STRIPPING = YES;
				DEVELOPMENT_TEAM = XWTF879W9X;
				GENERATE_INFOPLIST_FILE = YES;
				IPHONEOS_DEPLOYMENT_TARGET = 18.4;
				MACOSX_DEPLOYMENT_TARGET = 15.3;
				MARKETING_VERSION = 1.0;
				PRODUCT_BUNDLE_IDENTIFIER = com.bjnortier.SwishDemoTests;
				PRODUCT_NAME = "$(TARGET_NAME)";
				SDKROOT = auto;
				SUPPORTED_PLATFORMS = "iphoneos iphonesimulator macosx xros xrsimulator";
				SWIFT_EMIT_LOC_STRINGS = NO;
				SWIFT_VERSION = 5.0;
				TARGETED_DEVICE_FAMILY = "1,2,7";
				TEST_HOST = "$(BUILT_PRODUCTS_DIR)/HTKitDemo.app/$(BUNDLE_EXECUTABLE_FOLDER_PATH)/HTKitDemo";
				XROS_DEPLOYMENT_TARGET = 2.4;
			};
			name = Debug;
		};
		1700E5222DE4F443006947DD /* Release */ = {
			isa = XCBuildConfiguration;
			buildSettings = {
				BUNDLE_LOADER = "$(TEST_HOST)";
				CODE_SIGN_STYLE = Automatic;
				CURRENT_PROJECT_VERSION = 1;
				DEAD_CODE_STRIPPING = YES;
				DEVELOPMENT_TEAM = XWTF879W9X;
				GENERATE_INFOPLIST_FILE = YES;
				IPHONEOS_DEPLOYMENT_TARGET = 18.4;
				MACOSX_DEPLOYMENT_TARGET = 15.3;
				MARKETING_VERSION = 1.0;
				PRODUCT_BUNDLE_IDENTIFIER = com.bjnortier.SwishDemoTests;
				PRODUCT_NAME = "$(TARGET_NAME)";
				SDKROOT = auto;
				SUPPORTED_PLATFORMS = "iphoneos iphonesimulator macosx xros xrsimulator";
				SWIFT_EMIT_LOC_STRINGS = NO;
				SWIFT_VERSION = 5.0;
				TARGETED_DEVICE_FAMILY = "1,2,7";
				TEST_HOST = "$(BUILT_PRODUCTS_DIR)/HTKitDemo.app/$(BUNDLE_EXECUTABLE_FOLDER_PATH)/HTKitDemo";
				XROS_DEPLOYMENT_TARGET = 2.4;
			};
			name = Release;
		};
		1700E5242DE4F443006947DD /* Debug */ = {
			isa = XCBuildConfiguration;
			buildSettings = {
				CODE_SIGN_STYLE = Automatic;
				CURRENT_PROJECT_VERSION = 1;
				DEAD_CODE_STRIPPING = YES;
				DEVELOPMENT_TEAM = XWTF879W9X;
				GENERATE_INFOPLIST_FILE = YES;
				IPHONEOS_DEPLOYMENT_TARGET = 18.4;
				MACOSX_DEPLOYMENT_TARGET = 15.3;
				MARKETING_VERSION = 1.0;
				PRODUCT_BUNDLE_IDENTIFIER = com.bjnortier.SwishDemoUITests;
				PRODUCT_NAME = "$(TARGET_NAME)";
				SDKROOT = auto;
				SUPPORTED_PLATFORMS = "iphoneos iphonesimulator macosx xros xrsimulator";
				SWIFT_EMIT_LOC_STRINGS = NO;
				SWIFT_VERSION = 5.0;
				TARGETED_DEVICE_FAMILY = "1,2,7";
				TEST_TARGET_NAME = SwishDemo;
				XROS_DEPLOYMENT_TARGET = 2.4;
			};
			name = Debug;
		};
		1700E5252DE4F443006947DD /* Release */ = {
			isa = XCBuildConfiguration;
			buildSettings = {
				CODE_SIGN_STYLE = Automatic;
				CURRENT_PROJECT_VERSION = 1;
				DEAD_CODE_STRIPPING = YES;
				DEVELOPMENT_TEAM = XWTF879W9X;
				GENERATE_INFOPLIST_FILE = YES;
				IPHONEOS_DEPLOYMENT_TARGET = 18.4;
				MACOSX_DEPLOYMENT_TARGET = 15.3;
				MARKETING_VERSION = 1.0;
				PRODUCT_BUNDLE_IDENTIFIER = com.bjnortier.SwishDemoUITests;
				PRODUCT_NAME = "$(TARGET_NAME)";
				SDKROOT = auto;
				SUPPORTED_PLATFORMS = "iphoneos iphonesimulator macosx xros xrsimulator";
				SWIFT_EMIT_LOC_STRINGS = NO;
				SWIFT_VERSION = 5.0;
				TARGETED_DEVICE_FAMILY = "1,2,7";
				TEST_TARGET_NAME = SwishDemo;
				XROS_DEPLOYMENT_TARGET = 2.4;
			};
			name = Release;
		};
/* End XCBuildConfiguration section */

/* Begin XCConfigurationList section */
		1700E4F62DE4F442006947DD /* Build configuration list for PBXProject "HTKitDemo" */ = {
			isa = XCConfigurationList;
			buildConfigurations = (
				1700E51B2DE4F443006947DD /* Debug */,
				1700E51C2DE4F443006947DD /* Release */,
			);
			defaultConfigurationIsVisible = 0;
			defaultConfigurationName = Release;
		};
		1700E51D2DE4F443006947DD /* Build configuration list for PBXNativeTarget "HTKitDemo" */ = {
			isa = XCConfigurationList;
			buildConfigurations = (
				1700E51E2DE4F443006947DD /* Debug */,
				1700E51F2DE4F443006947DD /* Release */,
			);
			defaultConfigurationIsVisible = 0;
			defaultConfigurationName = Release;
		};
		1700E5202DE4F443006947DD /* Build configuration list for PBXNativeTarget "HTKitDemoTests" */ = {
			isa = XCConfigurationList;
			buildConfigurations = (
				1700E5212DE4F443006947DD /* Debug */,
				1700E5222DE4F443006947DD /* Release */,
			);
			defaultConfigurationIsVisible = 0;
			defaultConfigurationName = Release;
		};
		1700E5232DE4F443006947DD /* Build configuration list for PBXNativeTarget "HTKitDemoUITests" */ = {
			isa = XCConfigurationList;
			buildConfigurations = (
				1700E5242DE4F443006947DD /* Debug */,
				1700E5252DE4F443006947DD /* Release */,
			);
			defaultConfigurationIsVisible = 0;
			defaultConfigurationName = Release;
		};
/* End XCConfigurationList section */

/* Begin XCRemoteSwiftPackageReference section */
		17B20C612E4751F100CFE52A /* XCRemoteSwiftPackageReference "HTKit" */ = {
			isa = XCRemoteSwiftPackageReference;
			repositoryURL = "https://github.com/bjnortier/HTKit";
			requirement = {
				kind = upToNextMajorVersion;
				minimumVersion = 1.0.1;
			};
		};
/* End XCRemoteSwiftPackageReference section */

/* Begin XCSwiftPackageProductDependency section */
		17B20C622E4751FC00CFE52A /* HTKit */ = {
			isa = XCSwiftPackageProductDependency;
			package = 17B20C612E4751F100CFE52A /* XCRemoteSwiftPackageReference "HTKit" */;
			productName = HTKit;
		};
/* End XCSwiftPackageProductDependency section */
	};
	rootObject = 1700E4F32DE4F442006947DD /* Project object */;
}
